{
  "lockfileVersion": 1,
  "configVersion": 1,
  "workspaces": {
    "": {
      "name": "fresharena",
      "devDependencies": {
        "@biomejs/biome": "^2.5.6",
        "@types/bun": "^1.1.0",
        "@types/node": "^26.0.0",
        "turbo": "^2.10.7",
        "typescript": "^5.9.0",
      },
    },
    "packages/aep-export": {
      "name": "@fresharena/aep-export",
      "version": "0.1.0",
      "dependencies": {
        "@fresharena/faep-schema": "workspace:*",
      },
    },
    "packages/cli": {
      "name": "@fresharena/cli",
      "version": "0.1.0",
      "bin": {
        "fresharena": "./dist/main.js",
      },
      "dependencies": {
        "@fresharena/core": "workspace:*",
        "@fresharena/faep-schema": "workspace:*",
        "commander": "^12.0.0",
      },
    },
    "packages/core": {
      "name": "@fresharena/core",
      "version": "0.1.0",
      "dependencies": {
        "@fresharena/faep-schema": "workspace:*",
        "@fresharena/verifier-runtime": "workspace:*",
        "fast-check": "^3.23.0",
        "zod": "^3.23.0",
      },
    },
    "packages/faep-schema": {
      "name": "@fresharena/faep-schema",
      "version": "0.1.0",
      "dependencies": {
        "zod": "^3.23.0",
      },
    },
    "packages/reporter": {
      "name": "@fresharena/reporter",
      "version": "0.1.0",
      "dependencies": {
        "@fresharena/core": "workspace:*",
        "@fresharena/faep-schema": "workspace:*",
      },
    },
    "packages/sdk": {
      "name": "@fresharena/sdk",
      "version": "0.1.0",
      "dependencies": {
        "@fresharena/faep-schema": "workspace:*",
      },
    },
    "packages/verifier-runtime": {
      "name": "@fresharena/verifier-runtime",
      "version": "0.1.0",
      "dependencies": {
        "@fresharena/faep-schema": "workspace:*",
      },
    },
    "solvers/llm/anthropic-compatible": {
      "name": "@fresharena/solver-anthropic",
      "version": "0.1.0",
      "dependencies": {
        "@fresharena/faep-schema": "workspace:*",
      },
      "peerDependencies": {
        "@anthropic-ai/sdk": ">=0.20.0",
      },
    },
    "solvers/llm/local-model-compatible": {
      "name": "@fresharena/solver-local",
      "version": "0.1.0",
      "dependencies": {
        "@fresharena/faep-schema": "workspace:*",
      },
    },
    "solvers/llm/openai-compatible": {
      "name": "@fresharena/solver-openai",
      "version": "0.1.0",
      "dependencies": {
        "@fresharena/faep-schema": "workspace:*",
      },
      "peerDependencies": {
        "openai": ">=4.0.0",
      },
    },
    "solvers/non-llm/buggy-solvers": {
      "name": "@fresharena/solver-buggy",
      "version": "0.1.0",
      "dependencies": {
        "@fresharena/faep-schema": "workspace:*",
      },
    },
    "solvers/non-llm/reference-solver": {
      "name": "@fresharena/solver-reference",
      "version": "0.1.0",
      "dependencies": {
        "@fresharena/faep-schema": "workspace:*",
      },
    },
    "solvers/non-llm/weak-solver": {
      "name": "@fresharena/solver-weak",
      "version": "0.1.0",
      "dependencies": {
        "@fresharena/faep-schema": "workspace:*",
      },
    },
  },
  "packages": {
    "@anthropic-ai/sdk": ["@anthropic-ai/sdk@0.107.0", "", { "dependencies": { "json-schema-to-ts": "^3.1.1", "standardwebhooks": "^1.0.0" }, "peerDependencies": { "zod": "^3.25.0 || ^4.0.0" }, "optionalPeers": ["zod"], "bin": { "anthropic-ai-sdk": "bin/cli" } }, "sha512-RWDWyvIeZnatUTzyX8+ayFzAqqLyoDHKnDEODFyW8H89zH+qEsh5h6XAmnbHY5DCoa58o3rjuNe3F3Hg851ayA=="],

    "@babel/runtime": ["@babel/runtime@7.29.7", "", {}, "sha512-Nq8OhGWiZIZGV6hLHoyAKLLcJihP/xFeBMGJoUrxTX2psI8dCifzLhZISFb+VWS3wFMRDmCGw5R+dOySCqPLhw=="],

    "@biomejs/biome": ["@biomejs/biome@2.5.6", "", { "optionalDependencies": { "@biomejs/cli-darwin-arm64": "2.5.6", "@biomejs/cli-darwin-x64": "2.5.6", "@biomejs/cli-linux-arm64": "2.5.6", "@biomejs/cli-linux-arm64-musl": "2.5.6", "@biomejs/cli-linux-x64": "2.5.6", "@biomejs/cli-linux-x64-musl": "2.5.6", "@biomejs/cli-win32-arm64": "2.5.6", "@biomejs/cli-win32-x64": "2.5.6" }, "bin": { "biome": "bin/biome" } }, "sha512-lxVNjv7UF6KfhMJfL9gaUHbWdJdHbsAj6OSmwSYNdhRuG67NxNQ4Xdvh3TUxsSK9sBzJBQhEJj3AopmmNJ5pSA=="],

    "@biomejs/cli-darwin-arm64": ["@biomejs/cli-darwin-arm64@2.5.6", "", { "os": "darwin", "cpu": "arm64" }, "sha512-zMOLZP4oMrjh6m1zcSj1ud2awUPgTuMVbmQhYYWL7J8HwCnbHHBvTm7VBTRuY7epT5bez76IpKYQ11ZAqHFlnw=="],

    "@biomejs/cli-darwin-x64": ["@biomejs/cli-darwin-x64@2.5.6", "", { "os": "darwin", "cpu": "x64" }, "sha512-JAC1VqzvO7Th5ZplU0G2uGfkZbxEe9uDDektPAhF0JLusoz1w+T4okp2bkykI0bbaO2vslKiRfj4gU43JaGreA=="],

    "@biomejs/cli-linux-arm64": ["@biomejs/cli-linux-arm64@2.5.6", "", { "os": "linux", "cpu": "arm64" }, "sha512-6XsYwCFkp5sMxl85ffhgeGpGgs6A7dRYFnkceZ7WVxvycuTnGdD5xa534Z3xfrBQ0JCMK/mujT6ZNPJoghedwg=="],

    "@biomejs/cli-linux-arm64-musl": ["@biomejs/cli-linux-arm64-musl@2.5.6", "", { "os": "linux", "cpu": "arm64" }, "sha512-eUa3jeeYvfMt19LBeh6E5PUZpxnTC4JqNWo+EDjTtQjAr2xLGnWaxACtVU1DQqmHYbvThlJzLX+ZsYgrqh2qVw=="],

    "@biomejs/cli-linux-x64": ["@biomejs/cli-linux-x64@2.5.6", "", { "os": "linux", "cpu": "x64" }, "sha512-Pop9VXCFUhFTMfFefZ39S+u2rOPyNp5iHlxbZRwXGACHLy2r0jjiRgJHmaEKJzL3SyxlVeGShXhvvElvWowonA=="],

    "@biomejs/cli-linux-x64-musl": ["@biomejs/cli-linux-x64-musl@2.5.6", "", { "os": "linux", "cpu": "x64" }, "sha512-2Vp13QdKysH3HIWLaYLhUUwbK+jbZonJD1K+Lr0d0RO4wH7mkYd43vJixEDm8cUWrowoRz4UUHF1nm9Ae7ym8A=="],

    "@biomejs/cli-win32-arm64": ["@biomejs/cli-win32-arm64@2.5.6", "", { "os": "win32", "cpu": "arm64" }, "sha512-tDGshcm6BdkZOCGnTDX0Y8/U4IfBSlnUU7T56nNDuPEfed+aHg+u8G36NB43fJVl0Os6+QURXIE1yuD7AaEofA=="],

    "@biomejs/cli-win32-x64": ["@biomejs/cli-win32-x64@2.5.6", "", { "os": "win32", "cpu": "x64" }, "sha512-WN05KwXnTO/2J45RQPvzZMXf7tZUIofHoR35xIPfCo7pQ2RFidxI8sfb5mGsaTxdMmEOzHzOPRCdA5/fCpc7xQ=="],

    "@fresharena/aep-export": ["@fresharena/aep-export@workspace:packages/aep-export"],

    "@fresharena/cli": ["@fresharena/cli@workspace:packages/cli"],

    "@fresharena/core": ["@fresharena/core@workspace:packages/core"],

    "@fresharena/faep-schema": ["@fresharena/faep-schema@workspace:packages/faep-schema"],

    "@fresharena/reporter": ["@fresharena/reporter@workspace:packages/reporter"],

    "@fresharena/sdk": ["@fresharena/sdk@workspace:packages/sdk"],

    "@fresharena/solver-anthropic": ["@fresharena/solver-anthropic@workspace:solvers/llm/anthropic-compatible"],

    "@fresharena/solver-buggy": ["@fresharena/solver-buggy@workspace:solvers/non-llm/buggy-solvers"],

    "@fresharena/solver-local": ["@fresharena/solver-local@workspace:solvers/llm/local-model-compatible"],

    "@fresharena/solver-openai": ["@fresharena/solver-openai@workspace:solvers/llm/openai-compatible"],

    "@fresharena/solver-reference": ["@fresharena/solver-reference@workspace:solvers/non-llm/reference-solver"],

    "@fresharena/solver-weak": ["@fresharena/solver-weak@workspace:solvers/non-llm/weak-solver"],

    "@fresharena/verifier-runtime": ["@fresharena/verifier-runtime@workspace:packages/verifier-runtime"],

    "@stablelib/base64": ["@stablelib/base64@1.0.1", "", {}, "sha512-1bnPQqSxSuc3Ii6MhBysoWCg58j97aUjuCSZrGSmDxNqtytIi0k8utUenAwTZN4V5mXXYGsVUI9zeBqy+jBOSQ=="],

    "@turbo/darwin-64": ["@turbo/darwin-64@2.10.7", "", { "os": "darwin", "cpu": "x64" }, "sha512-/c9cSBRermWDv85oufLhoH6XRLOVbvzJLRd+WLyfJCP+i0HFLQj4PVNDrHcY17/ve5l8X0Oua4bJBqJUgJPnZA=="],

    "@turbo/darwin-arm64": ["@turbo/darwin-arm64@2.10.7", "", { "os": "darwin", "cpu": "arm64" }, "sha512-8lpCCGWZBl9PIF8w8f2iEWrLMbHBWIfJeV6l2UEGqysD6HRIM4ySj/8R7HGEzbECJ4r/gnJcHmxEoG8yjFe64A=="],

    "@turbo/linux-64": ["@turbo/linux-64@2.10.7", "", { "os": "linux", "cpu": "x64" }, "sha512-Midw9Ed00yw9rqkWN82fY3LmLNFQ6yiL1GXB56DJKUEjWaEd27zh7ohCxzzrjfjQVrEeVWd3UPytTAV16XDQlA=="],

    "@turbo/linux-arm64": ["@turbo/linux-arm64@2.10.7", "", { "os": "linux", "cpu": "arm64" }, "sha512-UVEy+MW/xn4BcsiV3v3uv0/oObyaQgVtRT+Jj4WE53rNH05VEYEc1Z13q3zV6276wCZR4Yxc4hiTTcjw7PjSpg=="],

    "@turbo/windows-64": ["@turbo/windows-64@2.10.7", "", { "os": "win32", "cpu": "x64" }, "sha512-l2nH9KGLV46SWjcXvyc2+xo5gdf5J0NVADknQk9OCJhzJBpiNl/byd26yIfwZBjLupdqT6UOdPhPxcpUPxRykQ=="],

    "@turbo/windows-arm64": ["@turbo/windows-arm64@2.10.7", "", { "os": "win32", "cpu": "arm64" }, "sha512-qjE1apG6RThuX49vUJd5ks2dV2ndXC2qktDChQonFMvUzrMrEnZMQzO+IgxBiYq1j+NbXQcRwj84nGnk1TBw1g=="],

    "@types/bun": ["@types/bun@1.3.14", "", { "dependencies": { "bun-types": "1.3.14" } }, "sha512-h1hFqFVcvAvD9j9K7ZW7vd82aSA+rTdznZa+5bwvCwqSB1jmmfLcbIWhOLx1/+boy/xmjgCs/OMUL8hRJSmnPw=="],

    "@types/node": ["@types/node@26.1.2", "", { "dependencies": { "undici-types": "~8.3.0" } }, "sha512-Vu4a5UFA9rIIFJ7rB/Vaafh9lrCQszopTCx6KjFboXTGQbPNasehVR5TEiithSDGyd1DEiUByggTZsg8jukeIg=="],

    "bun-types": ["bun-types@1.3.14", "", { "dependencies": { "@types/node": "*" } }, "sha512-4N0ig0fEomHt5R0KCFWjovxow98rIoRwKolrYdCcknNwMekCXRnWEUvgu5soYV8QXtVsrUD8B95MBOZGPvr6KQ=="],

    "commander": ["commander@12.1.0", "", {}, "sha512-Vw8qHK3bZM9y/P10u3Vib8o/DdkvA2OtPtZvD871QKjy74Wj1WSKFILMPRPSdUSx5RFK1arlJzEtA4PkFgnbuA=="],

    "fast-check": ["fast-check@3.23.2", "", { "dependencies": { "pure-rand": "^6.1.0" } }, "sha512-h5+1OzzfCC3Ef7VbtKdcv7zsstUQwUDlYpUTvjeUsJAssPgLn7QzbboPtL5ro04Mq0rPOsMzl7q5hIbRs2wD1A=="],

    "fast-sha256": ["fast-sha256@1.3.0", "", {}, "sha512-n11RGP/lrWEFI/bWdygLxhI+pVeo1ZYIVwvvPkW7azl/rOy+F3HYRZ2K5zeE9mmkhQppyv9sQFx0JM9UabnpPQ=="],

    "json-schema-to-ts": ["json-schema-to-ts@3.1.1", "", { "dependencies": { "@babel/runtime": "^7.18.3", "ts-algebra": "^2.0.0" } }, "sha512-+DWg8jCJG2TEnpy7kOm/7/AxaYoaRbjVB4LFZLySZlWn8exGs3A4OLJR966cVvU26N7X9TWxl+Jsw7dzAqKT6g=="],

    "openai": ["openai@6.45.0", "", { "peerDependencies": { "@aws-sdk/credential-provider-node": ">=3.972.0 <4", "@smithy/hash-node": ">=4.3.0 <5", "@smithy/signature-v4": ">=5.4.0 <6", "ws": "^8.18.0", "zod": "^3.25 || ^4.0" }, "optionalPeers": ["@aws-sdk/credential-provider-node", "@smithy/hash-node", "@smithy/signature-v4", "ws", "zod"] }, "sha512-5DQVNErssk0afNpTTHUm/qZPU4iKR9OYdNid8Ib4puq4gHNNvGWZht2zY4h9a8JMF949Ik6m8gQutllVPbjdnw=="],

    "pure-rand": ["pure-rand@6.1.0", "", {}, "sha512-bVWawvoZoBYpp6yIoQtQXHZjmz35RSVHnUOTefl8Vcjr8snTPY1wnpSPMWekcFwbxI6gtmT7rSYPFvz71ldiOA=="],

    "standardwebhooks": ["standardwebhooks@1.0.0", "", { "dependencies": { "@stablelib/base64": "^1.0.0", "fast-sha256": "^1.3.0" } }, "sha512-BbHGOQK9olHPMvQNHWul6MYlrRTAOKn03rOe4A8O3CLWhNf4YHBqq2HJKKC+sfqpxiBY52pNeesD6jIiLDz8jg=="],

    "ts-algebra": ["ts-algebra@2.0.0", "", {}, "sha512-FPAhNPFMrkwz76P7cdjdmiShwMynZYN6SgOujD1urY4oNm80Ou9oMdmbR45LotcKOXoy7wSmHkRFE6Mxbrhefw=="],

    "turbo": ["turbo@2.10.7", "", { "optionalDependencies": { "@turbo/darwin-64": "2.10.7", "@turbo/darwin-arm64": "2.10.7", "@turbo/linux-64": "2.10.7", "@turbo/linux-arm64": "2.10.7", "@turbo/windows-64": "2.10.7", "@turbo/windows-arm64": "2.10.7" }, "bin": { "turbo": "bin/turbo" } }, "sha512-GHx6WExIFSKNJ5qMlzDpXBXlu9ApxaMjqxAVrCNcW94xf/+uqgIz41SAuRUMbXva2ExNAaY/h8V0q90SWSzmRw=="],

    "typescript": ["typescript@5.9.3", "", { "bin": { "tsc": "bin/tsc", "tsserver": "bin/tsserver" } }, "sha512-jl1vZzPDinLr9eUt3J/t7V6FgNEw9QjvBPdysz9KfQDD41fQrC2Y4vKQdiaUpFT4bXlb1RHhLpp8wtm6M5TgSw=="],

    "undici-types": ["undici-types@8.3.0", "", {}, "sha512-j375ScV60dom+YkPFIfTLcOiPxkN/buHz5GobjLhixFuANaNs3C9l4GmrWqejgXWJ7BbJcFYpTEUkS1Ge8bpZQ=="],

    "zod": ["zod@3.25.76", "", {}, "sha512-gzUt/qt81nXsFGKIFcC3YnfEAx5NkunCfnDlvuBSSFS02bcXu4Lmea0AFIUwbLWxWPx3d9p8S5QoaujKcNQxcQ=="],

    "bun-types/@types/node": ["@types/node@20.19.43", "", { "dependencies": { "undici-types": "~6.21.0" } }, "sha512-6oYBAi5ikg4Pl+kGsoYtawUMBT2zZMCvPNF7pVLnHZfd1zf38DRiWn/gT01RYCdUqkv7Fhr+C9ot4/tb+2sVvA=="],

    "bun-types/@types/node/undici-types": ["undici-types@6.21.0", "", {}, "sha512-iwDZqg0QAGrg9Rav5H4n0M64c3mkR59cJ6wQp+7C4nI0gsmExaedaYLNO44eT4AtBBwjbTiGPMlt2Md0T9H9JQ=="],
  }
}
